
Microsoft Visual Studio Solution File, Format Version 12.00
# Visual Studio Version 16
VisualStudioVersion = 16.0.31112.23
MinimumVisualStudioVersion = 10.0.40219.1
Project("{FAE04EC0-301F-11D3-BF4B-00C04F79EFBC}") = "SearchEngine", "SearchEngine\SearchEngine.csproj", "{78B2E345-2890-4597-82F6-8DF0F2784334}"
EndProject
Global
	GlobalSection(SolutionConfigurationPlatforms) = preSolution
		Debug|Any CPU = Debug|Any CPU
		Release|Any CPU = Release|Any CPU
	EndGlobalSection
	GlobalSection(ProjectConfigurationPlatforms) = postSolution
		{78B2E345-2890-4597-82F6-8DF0F2784334}.Debug|Any CPU.ActiveCfg = Debug|Any CPU
		{78B2E345-2890-4597-82F6-8DF0F2784334}.Debug|Any CPU.Build.0 = Debug|Any CPU
		{78B2E345-2890-4597-82F6-8DF0F2784334}.Release|Any CPU.ActiveCfg = Release|Any CPU
		{78B2E345-2890-4597-82F6-8DF0F2784334}.Release|Any CPU.Build.0 = Release|Any CPU
	EndGlobalSection
	GlobalSection(SolutionProperties) = preSolution
		HideSolutionNode = FALSE
	EndGlobalSection
	GlobalSection(ExtensibilityGlobals) = postSolution
		SolutionGuid = {9107615D-B4CD-4902-B649-AFCA62A5B3F4}
	EndGlobalSection
EndGlobal
